
Microsoft Visual Studio Solution File, Format Version 12.00
# Visual Studio 15
VisualStudioVersion = 15.0.26730.12
MinimumVisualStudioVersion = 10.0.40219.1
Project("{8BC9CEB8-8B4A-11D0-8D11-00A0C91BC942}") = "Day1", "Day1\Day1.vcxproj", "{76A21D9B-6D58-49BC-9C79-2A0C0C6096EC}"
EndProject
Project("{8BC9CEB8-8B4A-11D0-8D11-00A0C91BC942}") = "Day2", "Day2\Day2.vcxproj", "{2C5C4D1F-6124-442C-A8D2-23F027ECC8F1}"
EndProject
Project("{8BC9CEB8-8B4A-11D0-8D11-00A0C91BC942}") = "Day3", "Day3\Day3.vcxproj", "{109ACBB9-7227-428E-96D7-A5CDCCC5CBF1}"
EndProject
Project("{8BC9CEB8-8B4A-11D0-8D11-00A0C91BC942}") = "Day3Part2", "Day3Part2\Day3Part2.vcxproj", "{503310C3-C8C5-431F-B316-D8F6E778B1FF}"
EndProject
Project("{8BC9CEB8-8B4A-11D0-8D11-00A0C91BC942}") = "Day4", "Day4\Day4.vcxproj", "{F3380A8A-FAC9-4A54-BDA1-60C901DDDB77}"
EndProject
Project("{8BC9CEB8-8B4A-11D0-8D11-00A0C91BC942}") = "Day5", "Day5\Day5.vcxproj", "{C5A8A460-13C0-46E8-99EC-18B73DBC002D}"
EndProject
Project("{8BC9CEB8-8B4A-11D0-8D11-00A0C91BC942}") = "Day6", "Day6\Day6.vcxproj", "{A113177E-9C8B-49B8-A5C3-B63527626BC9}"
EndProject
Project("{8BC9CEB8-8B4A-11D0-8D11-00A0C91BC942}") = "Day6Attempt2", "Day6Attempt2\Day6Attempt2.vcxproj", "{C01B7518-725A-4AC1-A92B-4F006B41D527}"
EndProject
Project("{8BC9CEB8-8B4A-11D0-8D11-00A0C91BC942}") = "Day7", "Day7\Day7.vcxproj", "{15B8D1D8-C3BE-4107-B91E-946210FFFBF0}"
EndProject
Project("{8BC9CEB8-8B4A-11D0-8D11-00A0C91BC942}") = "Day8", "Day8\Day8.vcxproj", "{E7C4513C-12B1-4D54-B3AF-A639EAEEF006}"
EndProject
Project("{8BC9CEB8-8B4A-11D0-8D11-00A0C91BC942}") = "Day9", "Day9\Day9.vcxproj", "{4AECE3F0-4D07-49D6-BF79-23874488FC72}"
EndProject
Project("{8BC9CEB8-8B4A-11D0-8D11-00A0C91BC942}") = "Day9Attempt2", "Day9Attempt2\Day9Attempt2.vcxproj", "{73BC4637-F487-474F-96F6-7830D9B6A37E}"
EndProject
Project("{8BC9CEB8-8B4A-11D0-8D11-00A0C91BC942}") = "Day10", "Day10\Day10.vcxproj", "{D8337BDD-3130-42B0-B333-A829A354855F}"
EndProject
Project("{8BC9CEB8-8B4A-11D0-8D11-00A0C91BC942}") = "Day11", "Day11\Day11.vcxproj", "{C941AB18-4A6D-48EA-8121-A0BA3E9F7D27}"
EndProject
Project("{8BC9CEB8-8B4A-11D0-8D11-00A0C91BC942}") = "Day12", "Day12\Day12.vcxproj", "{DFE0332C-E78D-496D-93F0-2CF83338C916}"
EndProject
Project("{8BC9CEB8-8B4A-11D0-8D11-00A0C91BC942}") = "Day13", "Day13\Day13.vcxproj", "{A7DB5185-1AA1-4C62-98F6-463CCEB6BC85}"
EndProject
Project("{8BC9CEB8-8B4A-11D0-8D11-00A0C91BC942}") = "Day14", "Day14\Day14.vcxproj", "{AB62D7E4-33B1-4CF4-9A5A-1D87AE8B7A40}"
EndProject
Project("{8BC9CEB8-8B4A-11D0-8D11-00A0C91BC942}") = "Day15", "Day15\Day15.vcxproj", "{3D1E03E1-B361-423A-9433-4784CB403D5A}"
EndProject
Project("{8BC9CEB8-8B4A-11D0-8D11-00A0C91BC942}") = "Day16", "Day16\Day16.vcxproj", "{A1EC88A8-618C-49B1-9708-8D501B74654E}"
EndProject
Project("{8BC9CEB8-8B4A-11D0-8D11-00A0C91BC942}") = "Day17", "Day17\Day17.vcxproj", "{A021F14F-D36D-4D5F-A0E8-6DF63B11CE31}"
EndProject
Project("{8BC9CEB8-8B4A-11D0-8D11-00A0C91BC942}") = "Day18", "Day18\Day18.vcxproj", "{1C7F1358-6D7C-4489-98DE-7BA016B524C7}"
EndProject
Project("{8BC9CEB8-8B4A-11D0-8D11-00A0C91BC942}") = "Day19", "Day19\Day19.vcxproj", "{D24178FA-B073-48A4-AFAF-18B1895AFB5C}"
EndProject
Project("{8BC9CEB8-8B4A-11D0-8D11-00A0C91BC942}") = "Day20", "Day20\Day20.vcxproj", "{D7A724C7-BA78-4E58-B955-35131B4917EB}"
EndProject
Project("{8BC9CEB8-8B4A-11D0-8D11-00A0C91BC942}") = "Day20Part2", "Day20Part2\Day20Part2.vcxproj", "{F4C67E77-0241-41CB-A423-3F8BC5C4B44E}"
EndProject
Project("{8BC9CEB8-8B4A-11D0-8D11-00A0C91BC942}") = "Day21", "Day21\Day21.vcxproj", "{008F740B-6140-403C-B819-3B532E9ADEC8}"
EndProject
Project("{8BC9CEB8-8B4A-11D0-8D11-00A0C91BC942}") = "Day22", "Day22\Day22.vcxproj", "{80374C4A-8665-4D85-BE8D-6624D800B222}"
EndProject
Project("{8BC9CEB8-8B4A-11D0-8D11-00A0C91BC942}") = "Day23", "Day23\Day23.vcxproj", "{03E2ACEB-2453-444F-8248-9415364B30F1}"
EndProject
Project("{8BC9CEB8-8B4A-11D0-8D11-00A0C91BC942}") = "Day23Part2", "Day23Part2\Day23Part2.vcxproj", "{0123382E-56F3-47B5-A70A-E8354735E6FC}"
EndProject
Project("{8BC9CEB8-8B4A-11D0-8D11-00A0C91BC942}") = "Day24", "Day24\Day24.vcxproj", "{6FFA488D-2C1F-4167-ACEB-012BB5B19B51}"
EndProject
Project("{8BC9CEB8-8B4A-11D0-8D11-00A0C91BC942}") = "Day25", "Day25\Day25.vcxproj", "{DB92E3AC-91BF-4459-8F3C-14E7043615DE}"
EndProject
Global
	GlobalSection(SolutionConfigurationPlatforms) = preSolution
		Debug|x64 = Debug|x64
		Debug|x86 = Debug|x86
		Release|x64 = Release|x64
		Release|x86 = Release|x86
	EndGlobalSection
	GlobalSection(ProjectConfigurationPlatforms) = postSolution
		{76A21D9B-6D58-49BC-9C79-2A0C0C6096EC}.Debug|x64.ActiveCfg = Debug|x64
		{76A21D9B-6D58-49BC-9C79-2A0C0C6096EC}.Debug|x64.Build.0 = Debug|x64
		{76A21D9B-6D58-49BC-9C79-2A0C0C6096EC}.Debug|x86.ActiveCfg = Debug|Win32
		{76A21D9B-6D58-49BC-9C79-2A0C0C6096EC}.Debug|x86.Build.0 = Debug|Win32
		{76A21D9B-6D58-49BC-9C79-2A0C0C6096EC}.Release|x64.ActiveCfg = Release|x64
		{76A21D9B-6D58-49BC-9C79-2A0C0C6096EC}.Release|x64.Build.0 = Release|x64
		{76A21D9B-6D58-49BC-9C79-2A0C0C6096EC}.Release|x86.ActiveCfg = Release|Win32
		{76A21D9B-6D58-49BC-9C79-2A0C0C6096EC}.Release|x86.Build.0 = Release|Win32
		{2C5C4D1F-6124-442C-A8D2-23F027ECC8F1}.Debug|x64.ActiveCfg = Debug|x64
		{2C5C4D1F-6124-442C-A8D2-23F027ECC8F1}.Debug|x64.Build.0 = Debug|x64
		{2C5C4D1F-6124-442C-A8D2-23F027ECC8F1}.Debug|x86.ActiveCfg = Debug|Win32
		{2C5C4D1F-6124-442C-A8D2-23F027ECC8F1}.Debug|x86.Build.0 = Debug|Win32
		{2C5C4D1F-6124-442C-A8D2-23F027ECC8F1}.Release|x64.ActiveCfg = Release|x64
		{2C5C4D1F-6124-442C-A8D2-23F027ECC8F1}.Release|x64.Build.0 = Release|x64
		{2C5C4D1F-6124-442C-A8D2-23F027ECC8F1}.Release|x86.ActiveCfg = Release|Win32
		{2C5C4D1F-6124-442C-A8D2-23F027ECC8F1}.Release|x86.Build.0 = Release|Win32
		{109ACBB9-7227-428E-96D7-A5CDCCC5CBF1}.Debug|x64.ActiveCfg = Debug|x64
		{109ACBB9-7227-428E-96D7-A5CDCCC5CBF1}.Debug|x64.Build.0 = Debug|x64
		{109ACBB9-7227-428E-96D7-A5CDCCC5CBF1}.Debug|x86.ActiveCfg = Debug|Win32
		{109ACBB9-7227-428E-96D7-A5CDCCC5CBF1}.Debug|x86.Build.0 = Debug|Win32
		{109ACBB9-7227-428E-96D7-A5CDCCC5CBF1}.Release|x64.ActiveCfg = Release|x64
		{109ACBB9-7227-428E-96D7-A5CDCCC5CBF1}.Release|x64.Build.0 = Release|x64
		{109ACBB9-7227-428E-96D7-A5CDCCC5CBF1}.Release|x86.ActiveCfg = Release|Win32
		{109ACBB9-7227-428E-96D7-A5CDCCC5CBF1}.Release|x86.Build.0 = Release|Win32
		{503310C3-C8C5-431F-B316-D8F6E778B1FF}.Debug|x64.ActiveCfg = Debug|x64
		{503310C3-C8C5-431F-B316-D8F6E778B1FF}.Debug|x64.Build.0 = Debug|x64
		{503310C3-C8C5-431F-B316-D8F6E778B1FF}.Debug|x86.ActiveCfg = Debug|Win32
		{503310C3-C8C5-431F-B316-D8F6E778B1FF}.Debug|x86.Build.0 = Debug|Win32
		{503310C3-C8C5-431F-B316-D8F6E778B1FF}.Release|x64.ActiveCfg = Release|x64
		{503310C3-C8C5-431F-B316-D8F6E778B1FF}.Release|x64.Build.0 = Release|x64
		{503310C3-C8C5-431F-B316-D8F6E778B1FF}.Release|x86.ActiveCfg = Release|Win32
		{503310C3-C8C5-431F-B316-D8F6E778B1FF}.Release|x86.Build.0 = Release|Win32
		{F3380A8A-FAC9-4A54-BDA1-60C901DDDB77}.Debug|x64.ActiveCfg = Debug|x64
		{F3380A8A-FAC9-4A54-BDA1-60C901DDDB77}.Debug|x64.Build.0 = Debug|x64
		{F3380A8A-FAC9-4A54-BDA1-60C901DDDB77}.Debug|x86.ActiveCfg = Debug|Win32
		{F3380A8A-FAC9-4A54-BDA1-60C901DDDB77}.Debug|x86.Build.0 = Debug|Win32
		{F3380A8A-FAC9-4A54-BDA1-60C901DDDB77}.Release|x64.ActiveCfg = Release|x64
		{F3380A8A-FAC9-4A54-BDA1-60C901DDDB77}.Release|x64.Build.0 = Release|x64
		{F3380A8A-FAC9-4A54-BDA1-60C901DDDB77}.Release|x86.ActiveCfg = Release|Win32
		{F3380A8A-FAC9-4A54-BDA1-60C901DDDB77}.Release|x86.Build.0 = Release|Win32
		{C5A8A460-13C0-46E8-99EC-18B73DBC002D}.Debug|x64.ActiveCfg = Debug|x64
		{C5A8A460-13C0-46E8-99EC-18B73DBC002D}.Debug|x64.Build.0 = Debug|x64
		{C5A8A460-13C0-46E8-99EC-18B73DBC002D}.Debug|x86.ActiveCfg = Debug|Win32
		{C5A8A460-13C0-46E8-99EC-18B73DBC002D}.Debug|x86.Build.0 = Debug|Win32
		{C5A8A460-13C0-46E8-99EC-18B73DBC002D}.Release|x64.ActiveCfg = Release|x64
		{C5A8A460-13C0-46E8-99EC-18B73DBC002D}.Release|x64.Build.0 = Release|x64
		{C5A8A460-13C0-46E8-99EC-18B73DBC002D}.Release|x86.ActiveCfg = Release|Win32
		{C5A8A460-13C0-46E8-99EC-18B73DBC002D}.Release|x86.Build.0 = Release|Win32
		{A113177E-9C8B-49B8-A5C3-B63527626BC9}.Debug|x64.ActiveCfg = Debug|x64
		{A113177E-9C8B-49B8-A5C3-B63527626BC9}.Debug|x64.Build.0 = Debug|x64
		{A113177E-9C8B-49B8-A5C3-B63527626BC9}.Debug|x86.ActiveCfg = Debug|Win32
		{A113177E-9C8B-49B8-A5C3-B63527626BC9}.Debug|x86.Build.0 = Debug|Win32
		{A113177E-9C8B-49B8-A5C3-B63527626BC9}.Release|x64.ActiveCfg = Release|x64
		{A113177E-9C8B-49B8-A5C3-B63527626BC9}.Release|x64.Build.0 = Release|x64
		{A113177E-9C8B-49B8-A5C3-B63527626BC9}.Release|x86.ActiveCfg = Release|Win32
		{A113177E-9C8B-49B8-A5C3-B63527626BC9}.Release|x86.Build.0 = Release|Win32
		{C01B7518-725A-4AC1-A92B-4F006B41D527}.Debug|x64.ActiveCfg = Debug|x64
		{C01B7518-725A-4AC1-A92B-4F006B41D527}.Debug|x64.Build.0 = Debug|x64
		{C01B7518-725A-4AC1-A92B-4F006B41D527}.Debug|x86.ActiveCfg = Debug|Win32
		{C01B7518-725A-4AC1-A92B-4F006B41D527}.Debug|x86.Build.0 = Debug|Win32
		{C01B7518-725A-4AC1-A92B-4F006B41D527}.Release|x64.ActiveCfg = Release|x64
		{C01B7518-725A-4AC1-A92B-4F006B41D527}.Release|x64.Build.0 = Release|x64
		{C01B7518-725A-4AC1-A92B-4F006B41D527}.Release|x86.ActiveCfg = Release|Win32
		{C01B7518-725A-4AC1-A92B-4F006B41D527}.Release|x86.Build.0 = Release|Win32
		{15B8D1D8-C3BE-4107-B91E-946210FFFBF0}.Debug|x64.ActiveCfg = Debug|x64
		{15B8D1D8-C3BE-4107-B91E-946210FFFBF0}.Debug|x64.Build.0 = Debug|x64
		{15B8D1D8-C3BE-4107-B91E-946210FFFBF0}.Debug|x86.ActiveCfg = Debug|Win32
		{15B8D1D8-C3BE-4107-B91E-946210FFFBF0}.Debug|x86.Build.0 = Debug|Win32
		{15B8D1D8-C3BE-4107-B91E-946210FFFBF0}.Release|x64.ActiveCfg = Release|x64
		{15B8D1D8-C3BE-4107-B91E-946210FFFBF0}.Release|x64.Build.0 = Release|x64
		{15B8D1D8-C3BE-4107-B91E-946210FFFBF0}.Release|x86.ActiveCfg = Release|Win32
		{15B8D1D8-C3BE-4107-B91E-946210FFFBF0}.Release|x86.Build.0 = Release|Win32
		{E7C4513C-12B1-4D54-B3AF-A639EAEEF006}.Debug|x64.ActiveCfg = Debug|x64
		{E7C4513C-12B1-4D54-B3AF-A639EAEEF006}.Debug|x64.Build.0 = Debug|x64
		{E7C4513C-12B1-4D54-B3AF-A639EAEEF006}.Debug|x86.ActiveCfg = Debug|Win32
		{E7C4513C-12B1-4D54-B3AF-A639EAEEF006}.Debug|x86.Build.0 = Debug|Win32
		{E7C4513C-12B1-4D54-B3AF-A639EAEEF006}.Release|x64.ActiveCfg = Release|x64
		{E7C4513C-12B1-4D54-B3AF-A639EAEEF006}.Release|x64.Build.0 = Release|x64
		{E7C4513C-12B1-4D54-B3AF-A639EAEEF006}.Release|x86.ActiveCfg = Release|Win32
		{E7C4513C-12B1-4D54-B3AF-A639EAEEF006}.Release|x86.Build.0 = Release|Win32
		{4AECE3F0-4D07-49D6-BF79-23874488FC72}.Debug|x64.ActiveCfg = Debug|x64
		{4AECE3F0-4D07-49D6-BF79-23874488FC72}.Debug|x64.Build.0 = Debug|x64
		{4AECE3F0-4D07-49D6-BF79-23874488FC72}.Debug|x86.ActiveCfg = Debug|Win32
		{4AECE3F0-4D07-49D6-BF79-23874488FC72}.Debug|x86.Build.0 = Debug|Win32
		{4AECE3F0-4D07-49D6-BF79-23874488FC72}.Release|x64.ActiveCfg = Release|x64
		{4AECE3F0-4D07-49D6-BF79-23874488FC72}.Release|x64.Build.0 = Release|x64
		{4AECE3F0-4D07-49D6-BF79-23874488FC72}.Release|x86.ActiveCfg = Release|Win32
		{4AECE3F0-4D07-49D6-BF79-23874488FC72}.Release|x86.Build.0 = Release|Win32
		{73BC4637-F487-474F-96F6-7830D9B6A37E}.Debug|x64.ActiveCfg = Debug|x64
		{73BC4637-F487-474F-96F6-7830D9B6A37E}.Debug|x64.Build.0 = Debug|x64
		{73BC4637-F487-474F-96F6-7830D9B6A37E}.Debug|x86.ActiveCfg = Debug|Win32
		{73BC4637-F487-474F-96F6-7830D9B6A37E}.Debug|x86.Build.0 = Debug|Win32
		{73BC4637-F487-474F-96F6-7830D9B6A37E}.Release|x64.ActiveCfg = Release|x64
		{73BC4637-F487-474F-96F6-7830D9B6A37E}.Release|x64.Build.0 = Release|x64
		{73BC4637-F487-474F-96F6-7830D9B6A37E}.Release|x86.ActiveCfg = Release|Win32
		{73BC4637-F487-474F-96F6-7830D9B6A37E}.Release|x86.Build.0 = Release|Win32
		{D8337BDD-3130-42B0-B333-A829A354855F}.Debug|x64.ActiveCfg = Debug|x64
		{D8337BDD-3130-42B0-B333-A829A354855F}.Debug|x64.Build.0 = Debug|x64
		{D8337BDD-3130-42B0-B333-A829A354855F}.Debug|x86.ActiveCfg = Debug|Win32
		{D8337BDD-3130-42B0-B333-A829A354855F}.Debug|x86.Build.0 = Debug|Win32
		{D8337BDD-3130-42B0-B333-A829A354855F}.Release|x64.ActiveCfg = Release|x64
		{D8337BDD-3130-42B0-B333-A829A354855F}.Release|x64.Build.0 = Release|x64
		{D8337BDD-3130-42B0-B333-A829A354855F}.Release|x86.ActiveCfg = Release|Win32
		{D8337BDD-3130-42B0-B333-A829A354855F}.Release|x86.Build.0 = Release|Win32
		{C941AB18-4A6D-48EA-8121-A0BA3E9F7D27}.Debug|x64.ActiveCfg = Debug|x64
		{C941AB18-4A6D-48EA-8121-A0BA3E9F7D27}.Debug|x64.Build.0 = Debug|x64
		{C941AB18-4A6D-48EA-8121-A0BA3E9F7D27}.Debug|x86.ActiveCfg = Debug|Win32
		{C941AB18-4A6D-48EA-8121-A0BA3E9F7D27}.Debug|x86.Build.0 = Debug|Win32
		{C941AB18-4A6D-48EA-8121-A0BA3E9F7D27}.Release|x64.ActiveCfg = Release|x64
		{C941AB18-4A6D-48EA-8121-A0BA3E9F7D27}.Release|x64.Build.0 = Release|x64
		{C941AB18-4A6D-48EA-8121-A0BA3E9F7D27}.Release|x86.ActiveCfg = Release|Win32
		{C941AB18-4A6D-48EA-8121-A0BA3E9F7D27}.Release|x86.Build.0 = Release|Win32
		{DFE0332C-E78D-496D-93F0-2CF83338C916}.Debug|x64.ActiveCfg = Debug|x64
		{DFE0332C-E78D-496D-93F0-2CF83338C916}.Debug|x64.Build.0 = Debug|x64
		{DFE0332C-E78D-496D-93F0-2CF83338C916}.Debug|x86.ActiveCfg = Debug|Win32
		{DFE0332C-E78D-496D-93F0-2CF83338C916}.Debug|x86.Build.0 = Debug|Win32
		{DFE0332C-E78D-496D-93F0-2CF83338C916}.Release|x64.ActiveCfg = Release|x64
		{DFE0332C-E78D-496D-93F0-2CF83338C916}.Release|x64.Build.0 = Release|x64
		{DFE0332C-E78D-496D-93F0-2CF83338C916}.Release|x86.ActiveCfg = Release|Win32
		{DFE0332C-E78D-496D-93F0-2CF83338C916}.Release|x86.Build.0 = Release|Win32
		{A7DB5185-1AA1-4C62-98F6-463CCEB6BC85}.Debug|x64.ActiveCfg = Debug|x64
		{A7DB5185-1AA1-4C62-98F6-463CCEB6BC85}.Debug|x64.Build.0 = Debug|x64
		{A7DB5185-1AA1-4C62-98F6-463CCEB6BC85}.Debug|x86.ActiveCfg = Debug|Win32
		{A7DB5185-1AA1-4C62-98F6-463CCEB6BC85}.Debug|x86.Build.0 = Debug|Win32
		{A7DB5185-1AA1-4C62-98F6-463CCEB6BC85}.Release|x64.ActiveCfg = Release|x64
		{A7DB5185-1AA1-4C62-98F6-463CCEB6BC85}.Release|x64.Build.0 = Release|x64
		{A7DB5185-1AA1-4C62-98F6-463CCEB6BC85}.Release|x86.ActiveCfg = Release|Win32
		{A7DB5185-1AA1-4C62-98F6-463CCEB6BC85}.Release|x86.Build.0 = Release|Win32
		{AB62D7E4-33B1-4CF4-9A5A-1D87AE8B7A40}.Debug|x64.ActiveCfg = Debug|x64
		{AB62D7E4-33B1-4CF4-9A5A-1D87AE8B7A40}.Debug|x64.Build.0 = Debug|x64
		{AB62D7E4-33B1-4CF4-9A5A-1D87AE8B7A40}.Debug|x86.ActiveCfg = Debug|Win32
		{AB62D7E4-33B1-4CF4-9A5A-1D87AE8B7A40}.Debug|x86.Build.0 = Debug|Win32
		{AB62D7E4-33B1-4CF4-9A5A-1D87AE8B7A40}.Release|x64.ActiveCfg = Release|x64
		{AB62D7E4-33B1-4CF4-9A5A-1D87AE8B7A40}.Release|x64.Build.0 = Release|x64
		{AB62D7E4-33B1-4CF4-9A5A-1D87AE8B7A40}.Release|x86.ActiveCfg = Release|Win32
		{AB62D7E4-33B1-4CF4-9A5A-1D87AE8B7A40}.Release|x86.Build.0 = Release|Win32
		{3D1E03E1-B361-423A-9433-4784CB403D5A}.Debug|x64.ActiveCfg = Debug|x64
		{3D1E03E1-B361-423A-9433-4784CB403D5A}.Debug|x64.Build.0 = Debug|x64
		{3D1E03E1-B361-423A-9433-4784CB403D5A}.Debug|x86.ActiveCfg = Debug|Win32
		{3D1E03E1-B361-423A-9433-4784CB403D5A}.Debug|x86.Build.0 = Debug|Win32
		{3D1E03E1-B361-423A-9433-4784CB403D5A}.Release|x64.ActiveCfg = Release|x64
		{3D1E03E1-B361-423A-9433-4784CB403D5A}.Release|x64.Build.0 = Release|x64
		{3D1E03E1-B361-423A-9433-4784CB403D5A}.Release|x86.ActiveCfg = Release|Win32
		{3D1E03E1-B361-423A-9433-4784CB403D5A}.Release|x86.Build.0 = Release|Win32
		{A1EC88A8-618C-49B1-9708-8D501B74654E}.Debug|x64.ActiveCfg = Debug|x64
		{A1EC88A8-618C-49B1-9708-8D501B74654E}.Debug|x64.Build.0 = Debug|x64
		{A1EC88A8-618C-49B1-9708-8D501B74654E}.Debug|x86.ActiveCfg = Debug|Win32
		{A1EC88A8-618C-49B1-9708-8D501B74654E}.Debug|x86.Build.0 = Debug|Win32
		{A1EC88A8-618C-49B1-9708-8D501B74654E}.Release|x64.ActiveCfg = Release|x64
		{A1EC88A8-618C-49B1-9708-8D501B74654E}.Release|x64.Build.0 = Release|x64
		{A1EC88A8-618C-49B1-9708-8D501B74654E}.Release|x86.ActiveCfg = Release|Win32
		{A1EC88A8-618C-49B1-9708-8D501B74654E}.Release|x86.Build.0 = Release|Win32
		{A021F14F-D36D-4D5F-A0E8-6DF63B11CE31}.Debug|x64.ActiveCfg = Debug|x64
		{A021F14F-D36D-4D5F-A0E8-6DF63B11CE31}.Debug|x64.Build.0 = Debug|x64
		{A021F14F-D36D-4D5F-A0E8-6DF63B11CE31}.Debug|x86.ActiveCfg = Debug|Win32
		{A021F14F-D36D-4D5F-A0E8-6DF63B11CE31}.Debug|x86.Build.0 = Debug|Win32
		{A021F14F-D36D-4D5F-A0E8-6DF63B11CE31}.Release|x64.ActiveCfg = Release|x64
		{A021F14F-D36D-4D5F-A0E8-6DF63B11CE31}.Release|x64.Build.0 = Release|x64
		{A021F14F-D36D-4D5F-A0E8-6DF63B11CE31}.Release|x86.ActiveCfg = Release|Win32
		{A021F14F-D36D-4D5F-A0E8-6DF63B11CE31}.Release|x86.Build.0 = Release|Win32
		{1C7F1358-6D7C-4489-98DE-7BA016B524C7}.Debug|x64.ActiveCfg = Debug|x64
		{1C7F1358-6D7C-4489-98DE-7BA016B524C7}.Debug|x64.Build.0 = Debug|x64
		{1C7F1358-6D7C-4489-98DE-7BA016B524C7}.Debug|x86.ActiveCfg = Debug|Win32
		{1C7F1358-6D7C-4489-98DE-7BA016B524C7}.Debug|x86.Build.0 = Debug|Win32
		{1C7F1358-6D7C-4489-98DE-7BA016B524C7}.Release|x64.ActiveCfg = Release|x64
		{1C7F1358-6D7C-4489-98DE-7BA016B524C7}.Release|x64.Build.0 = Release|x64
		{1C7F1358-6D7C-4489-98DE-7BA016B524C7}.Release|x86.ActiveCfg = Release|Win32
		{1C7F1358-6D7C-4489-98DE-7BA016B524C7}.Release|x86.Build.0 = Release|Win32
		{D24178FA-B073-48A4-AFAF-18B1895AFB5C}.Debug|x64.ActiveCfg = Debug|x64
		{D24178FA-B073-48A4-AFAF-18B1895AFB5C}.Debug|x64.Build.0 = Debug|x64
		{D24178FA-B073-48A4-AFAF-18B1895AFB5C}.Debug|x86.ActiveCfg = Debug|Win32
		{D24178FA-B073-48A4-AFAF-18B1895AFB5C}.Debug|x86.Build.0 = Debug|Win32
		{D24178FA-B073-48A4-AFAF-18B1895AFB5C}.Release|x64.ActiveCfg = Release|x64
		{D24178FA-B073-48A4-AFAF-18B1895AFB5C}.Release|x64.Build.0 = Release|x64
		{D24178FA-B073-48A4-AFAF-18B1895AFB5C}.Release|x86.ActiveCfg = Release|Win32
		{D24178FA-B073-48A4-AFAF-18B1895AFB5C}.Release|x86.Build.0 = Release|Win32
		{D7A724C7-BA78-4E58-B955-35131B4917EB}.Debug|x64.ActiveCfg = Debug|x64
		{D7A724C7-BA78-4E58-B955-35131B4917EB}.Debug|x64.Build.0 = Debug|x64
		{D7A724C7-BA78-4E58-B955-35131B4917EB}.Debug|x86.ActiveCfg = Debug|Win32
		{D7A724C7-BA78-4E58-B955-35131B4917EB}.Debug|x86.Build.0 = Debug|Win32
		{D7A724C7-BA78-4E58-B955-35131B4917EB}.Release|x64.ActiveCfg = Release|x64
		{D7A724C7-BA78-4E58-B955-35131B4917EB}.Release|x64.Build.0 = Release|x64
		{D7A724C7-BA78-4E58-B955-35131B4917EB}.Release|x86.ActiveCfg = Release|Win32
		{D7A724C7-BA78-4E58-B955-35131B4917EB}.Release|x86.Build.0 = Release|Win32
		{F4C67E77-0241-41CB-A423-3F8BC5C4B44E}.Debug|x64.ActiveCfg = Debug|x64
		{F4C67E77-0241-41CB-A423-3F8BC5C4B44E}.Debug|x64.Build.0 = Debug|x64
		{F4C67E77-0241-41CB-A423-3F8BC5C4B44E}.Debug|x86.ActiveCfg = Debug|Win32
		{F4C67E77-0241-41CB-A423-3F8BC5C4B44E}.Debug|x86.Build.0 = Debug|Win32
		{F4C67E77-0241-41CB-A423-3F8BC5C4B44E}.Release|x64.ActiveCfg = Release|x64
		{F4C67E77-0241-41CB-A423-3F8BC5C4B44E}.Release|x64.Build.0 = Release|x64
		{F4C67E77-0241-41CB-A423-3F8BC5C4B44E}.Release|x86.ActiveCfg = Release|Win32
		{F4C67E77-0241-41CB-A423-3F8BC5C4B44E}.Release|x86.Build.0 = Release|Win32
		{008F740B-6140-403C-B819-3B532E9ADEC8}.Debug|x64.ActiveCfg = Debug|x64
		{008F740B-6140-403C-B819-3B532E9ADEC8}.Debug|x64.Build.0 = Debug|x64
		{008F740B-6140-403C-B819-3B532E9ADEC8}.Debug|x86.ActiveCfg = Debug|Win32
		{008F740B-6140-403C-B819-3B532E9ADEC8}.Debug|x86.Build.0 = Debug|Win32
		{008F740B-6140-403C-B819-3B532E9ADEC8}.Release|x64.ActiveCfg = Release|x64
		{008F740B-6140-403C-B819-3B532E9ADEC8}.Release|x64.Build.0 = Release|x64
		{008F740B-6140-403C-B819-3B532E9ADEC8}.Release|x86.ActiveCfg = Release|Win32
		{008F740B-6140-403C-B819-3B532E9ADEC8}.Release|x86.Build.0 = Release|Win32
		{80374C4A-8665-4D85-BE8D-6624D800B222}.Debug|x64.ActiveCfg = Debug|x64
		{80374C4A-8665-4D85-BE8D-6624D800B222}.Debug|x64.Build.0 = Debug|x64
		{80374C4A-8665-4D85-BE8D-6624D800B222}.Debug|x86.ActiveCfg = Debug|Win32
		{80374C4A-8665-4D85-BE8D-6624D800B222}.Debug|x86.Build.0 = Debug|Win32
		{80374C4A-8665-4D85-BE8D-6624D800B222}.Release|x64.ActiveCfg = Release|x64
		{80374C4A-8665-4D85-BE8D-6624D800B222}.Release|x64.Build.0 = Release|x64
		{80374C4A-8665-4D85-BE8D-6624D800B222}.Release|x86.ActiveCfg = Release|Win32
		{80374C4A-8665-4D85-BE8D-6624D800B222}.Release|x86.Build.0 = Release|Win32
		{03E2ACEB-2453-444F-8248-9415364B30F1}.Debug|x64.ActiveCfg = Debug|x64
		{03E2ACEB-2453-444F-8248-9415364B30F1}.Debug|x64.Build.0 = Debug|x64
		{03E2ACEB-2453-444F-8248-9415364B30F1}.Debug|x86.ActiveCfg = Debug|Win32
		{03E2ACEB-2453-444F-8248-9415364B30F1}.Debug|x86.Build.0 = Debug|Win32
		{03E2ACEB-2453-444F-8248-9415364B30F1}.Release|x64.ActiveCfg = Release|x64
		{03E2ACEB-2453-444F-8248-9415364B30F1}.Release|x64.Build.0 = Release|x64
		{03E2ACEB-2453-444F-8248-9415364B30F1}.Release|x86.ActiveCfg = Release|Win32
		{03E2ACEB-2453-444F-8248-9415364B30F1}.Release|x86.Build.0 = Release|Win32
		{0123382E-56F3-47B5-A70A-E8354735E6FC}.Debug|x64.ActiveCfg = Debug|x64
		{0123382E-56F3-47B5-A70A-E8354735E6FC}.Debug|x64.Build.0 = Debug|x64
		{0123382E-56F3-47B5-A70A-E8354735E6FC}.Debug|x86.ActiveCfg = Debug|Win32
		{0123382E-56F3-47B5-A70A-E8354735E6FC}.Debug|x86.Build.0 = Debug|Win32
		{0123382E-56F3-47B5-A70A-E8354735E6FC}.Release|x64.ActiveCfg = Release|x64
		{0123382E-56F3-47B5-A70A-E8354735E6FC}.Release|x64.Build.0 = Release|x64
		{0123382E-56F3-47B5-A70A-E8354735E6FC}.Release|x86.ActiveCfg = Release|Win32
		{0123382E-56F3-47B5-A70A-E8354735E6FC}.Release|x86.Build.0 = Release|Win32
		{6FFA488D-2C1F-4167-ACEB-012BB5B19B51}.Debug|x64.ActiveCfg = Debug|x64
		{6FFA488D-2C1F-4167-ACEB-012BB5B19B51}.Debug|x64.Build.0 = Debug|x64
		{6FFA488D-2C1F-4167-ACEB-012BB5B19B51}.Debug|x86.ActiveCfg = Debug|Win32
		{6FFA488D-2C1F-4167-ACEB-012BB5B19B51}.Debug|x86.Build.0 = Debug|Win32
		{6FFA488D-2C1F-4167-ACEB-012BB5B19B51}.Release|x64.ActiveCfg = Release|x64
		{6FFA488D-2C1F-4167-ACEB-012BB5B19B51}.Release|x64.Build.0 = Release|x64
		{6FFA488D-2C1F-4167-ACEB-012BB5B19B51}.Release|x86.ActiveCfg = Release|Win32
		{6FFA488D-2C1F-4167-ACEB-012BB5B19B51}.Release|x86.Build.0 = Release|Win32
		{DB92E3AC-91BF-4459-8F3C-14E7043615DE}.Debug|x64.ActiveCfg = Debug|x64
		{DB92E3AC-91BF-4459-8F3C-14E7043615DE}.Debug|x64.Build.0 = Debug|x64
		{DB92E3AC-91BF-4459-8F3C-14E7043615DE}.Debug|x86.ActiveCfg = Debug|Win32
		{DB92E3AC-91BF-4459-8F3C-14E7043615DE}.Debug|x86.Build.0 = Debug|Win32
		{DB92E3AC-91BF-4459-8F3C-14E7043615DE}.Release|x64.ActiveCfg = Release|x64
		{DB92E3AC-91BF-4459-8F3C-14E7043615DE}.Release|x64.Build.0 = Release|x64
		{DB92E3AC-91BF-4459-8F3C-14E7043615DE}.Release|x86.ActiveCfg = Release|Win32
		{DB92E3AC-91BF-4459-8F3C-14E7043615DE}.Release|x86.Build.0 = Release|Win32
	EndGlobalSection
	GlobalSection(SolutionProperties) = preSolution
		HideSolutionNode = FALSE
	EndGlobalSection
	GlobalSection(ExtensibilityGlobals) = postSolution
		SolutionGuid = {4D46377C-0CB3-476D-B8E6-989366DDA29F}
	EndGlobalSection
EndGlobal
